# This file is automatically @generated by Cargo.
# It is not intended for manual editing.
version = 4

[[package]]
name = "wp-agent-contracts"
version = "0.1.0"

[[package]]
name = "wp-agent-control"
version = "0.1.0"
dependencies = [
 "wp-agent-contracts",
]

[[package]]
name = "wp-agent-exec"
version = "0.1.0"
dependencies = [
 "wp-agent-contracts",
 "wp-agent-shared",
]

[[package]]
name = "wp-agent-gateway"
version = "0.1.0"
dependencies = [
 "wp-agent-contracts",
]

[[package]]
name = "wp-agent-shared"
version = "0.1.0"

[[package]]
name = "wp-agent-upgrader"
version = "0.1.0"

[[package]]
name = "wp-agent-validate"
version = "0.1.0"
dependencies = [
 "wp-agent-contracts",
]

[[package]]
name = "wp-agentd"
version = "0.1.0"
dependencies = [
 "wp-agent-contracts",
 "wp-agent-shared",
 "wp-agent-validate",
]
